Microsoft Visual Studio Solution File, Format Version 12.00
# Visual Studio Version 17
VisualStudioVersion = 17.5.2.0
MinimumVisualStudioVersion = 10.0.40219.1
Project("{FAE04EC0-301F-11D3-BF4B-00C04F79EFBC}") = "MembershipManagement", "MembershipManagement.csproj", "{C2C8EA05-AE46-773F-8AEC-B951173D7711}"
EndProject
Global
	GlobalSection(SolutionConfigurationPlatforms) = preSolution
		Debug|Any CPU = Debug|Any CPU
		Release|Any CPU = Release|Any CPU
	EndGlobalSection
	GlobalSection(ProjectConfigurationPlatforms) = postSolution
		{C2C8EA05-AE46-773F-8AEC-B951173D7711}.Debug|Any CPU.ActiveCfg = Debug|Any CPU
		{C2C8EA05-AE46-773F-8AEC-B951173D7711}.Debug|Any CPU.Build.0 = Debug|Any CPU
		{C2C8EA05-AE46-773F-8AEC-B951173D7711}.Release|Any CPU.ActiveCfg = Release|Any CPU
		{C2C8EA05-AE46-773F-8AEC-B951173D7711}.Release|Any CPU.Build.0 = Release|Any CPU
	EndGlobalSection
	GlobalSection(SolutionProperties) = preSolution
		HideSolutionNode = FALSE
	EndGlobalSection
	GlobalSection(ExtensibilityGlobals) = postSolution
		SolutionGuid = {EF0C7868-833D-4DB6-BC2D-B00435E574CA}
	EndGlobalSection
EndGlobal
